
Microsoft Visual Studio Solution File, Format Version 12.00
# Visual Studio Version 17
VisualStudioVersion = 17.3.32825.248
MinimumVisualStudioVersion = 10.0.40219.1
Project("{FAE04EC0-301F-11D3-BF4B-00C04F79EFBC}") = "Task1.1", "Task1.1\Task1.1.csproj", "{765B5F69-6E5D-4E00-931C-8B6E293F50C0}"
EndProject
Global
	GlobalSection(SolutionConfigurationPlatforms) = preSolution
		Debug|Any CPU = Debug|Any CPU
		Release|Any CPU = Release|Any CPU
	EndGlobalSection
	GlobalSection(ProjectConfigurationPlatforms) = postSolution
		{765B5F69-6E5D-4E00-931C-8B6E293F50C0}.Debug|Any CPU.ActiveCfg = Debug|Any CPU
		{765B5F69-6E5D-4E00-931C-8B6E293F50C0}.Debug|Any CPU.Build.0 = Debug|Any CPU
		{765B5F69-6E5D-4E00-931C-8B6E293F50C0}.Release|Any CPU.ActiveCfg = Release|Any CPU
		{765B5F69-6E5D-4E00-931C-8B6E293F50C0}.Release|Any CPU.Build.0 = Release|Any CPU
	EndGlobalSection
	GlobalSection(SolutionProperties) = preSolution
		HideSolutionNode = FALSE
	EndGlobalSection
	GlobalSection(ExtensibilityGlobals) = postSolution
		SolutionGuid = {090B9EB3-3D08-4F3F-A429-F570979FBE07}
	EndGlobalSection
EndGlobal
